// !$*UTF8*$!
{
	archiveVersion = 1;
	classes = {
	};
	objectVersion = 46;
	objects = {

/* Begin PBXBuildFile section */
		C8BC68A71C923FC500594DEB /* AppDelegate.swift in Sources */ = {isa = PBXBuildFile; fileRef = C8BC68A61C923FC500594DEB /* AppDelegate.swift */; };
		C8BC68A91C923FC500594DEB /* ViewController.swift in Sources */ = {isa = PBXBuildFile; fileRef = C8BC68A81C923FC500594DEB /* ViewController.swift */; };
		C8BC68AC1C923FC500594DEB /* Main.storyboard in Resources */ = {isa = PBXBuildFile; fileRef = C8BC68AA1C923FC500594DEB /* Main.storyboard */; };
		C8BC68AE1C923FC500594DEB /* Assets.xcassets in Resources */ = {isa = PBXBuildFile; fileRef = C8BC68AD1C923FC500594DEB /* Assets.xcassets */; };
		C8BC68B11C923FC500594DEB /* LaunchScreen.storyboard in Resources */ = {isa = PBXBuildFile; fileRef = C8BC68AF1C923FC500594DEB /* LaunchScreen.storyboard */; };
		C8BC68BC1C923FC500594DEB /* Twitter_TimelineTests.swift in Sources */ = {isa = PBXBuildFile; fileRef = C8BC68BB1C923FC500594DEB /* Twitter_TimelineTests.swift */; };
		C8BC68C71C923FC500594DEB /* Twitter_TimelineUITests.swift in Sources */ = {isa = PBXBuildFile; fileRef = C8BC68C61C923FC500594DEB /* Twitter_TimelineUITests.swift */; };
		C8BC68D91C92408100594DEB /* Fabric.framework in Frameworks */ = {isa = PBXBuildFile; fileRef = C8BC68D51C92408100594DEB /* Fabric.framework */; };
		C8BC68DA1C92408100594DEB /* TwitterKit.framework in Frameworks */ = {isa = PBXBuildFile; fileRef = C8BC68D61C92408100594DEB /* TwitterKit.framework */; };
		C8BC68DB1C92408100594DEB /* TwitterKitResources.bundle in Resources */ = {isa = PBXBuildFile; fileRef = C8BC68D71C92408100594DEB /* TwitterKitResources.bundle */; };
		C8BC68DC1C92408100594DEB /* TwitterCore.framework in Frameworks */ = {isa = PBXBuildFile; fileRef = C8BC68D81C92408100594DEB /* TwitterCore.framework */; };
/* End PBXBuildFile section */

/* Begin PBXContainerItemProxy section */
		C8BC68B81C923FC500594DEB /* PBXContainerItemProxy */ = {
			isa = PBXContainerItemProxy;
			containerPortal = C8BC689B1C923FC500594DEB /* Project object */;
			proxyType = 1;
			remoteGlobalIDString = C8BC68A21C923FC500594DEB;
			remoteInfo = "Twitter Timeline";
		};
		C8BC68C31C923FC500594DEB /* PBXContainerItemProxy */ = {
			isa = PBXContainerItemProxy;
			containerPortal = C8BC689B1C923FC500594DEB /* Project object */;
			proxyType = 1;
			remoteGlobalIDString = C8BC68A21C923FC500594DEB;
			remoteInfo = "Twitter Timeline";
		};
/* End PBXContainerItemProxy section */

/* Begin PBXFileReference section */
		C8BC68A31C923FC500594DEB /* Twitter Timeline.app */ = {isa = PBXFileReference; explicitFileType = wrapper.application; includeInIndex = 0; path = "Twitter Timeline.app"; sourceTree = BUILT_PRODUCTS_DIR; };
		C8BC68A61C923FC500594DEB /* AppDelegate.swift */ = {isa = PBXFileReference; lastKnownFileType = sourcecode.swift; path = AppDelegate.swift; sourceTree = "<group>"; };
		C8BC68A81C923FC500594DEB /* ViewController.swift */ = {isa = PBXFileReference; lastKnownFileType = sourcecode.swift; path = ViewController.swift; sourceTree = "<group>"; };
		C8BC68AB1C923FC500594DEB /* Base */ = {isa = PBXFileReference; lastKnownFileType = file.storyboard; name = Base; path = Base.lproj/Main.storyboard; sourceTree = "<group>"; };
		C8BC68AD1C923FC500594DEB /* Assets.xcassets */ = {isa = PBXFileReference; lastKnownFileType = folder.assetcatalog; path = Assets.xcassets; sourceTree = "<group>"; };
		C8BC68B01C923FC500594DEB /* Base */ = {isa = PBXFileReference; lastKnownFileType = file.storyboard; name = Base; path = Base.lproj/LaunchScreen.storyboard; sourceTree = "<group>"; };
		C8BC68B21C923FC500594DEB /* Info.plist */ = {isa = PBXFileReference; lastKnownFileType = text.plist.xml; path = Info.plist; sourceTree = "<group>"; };
		C8BC68B71C923FC500594DEB /* Twitter TimelineTests.xctest */ = {isa = PBXFileReference; explicitFileType = wrapper.cfbundle; includeInIndex = 0; path = "Twitter TimelineTests.xctest"; sourceTree = BUILT_PRODUCTS_DIR; };
		C8BC68BB1C923FC500594DEB /* Twitter_TimelineTests.swift */ = {isa = PBXFileReference; lastKnownFileType = sourcecode.swift; path = Twitter_TimelineTests.swift; sourceTree = "<group>"; };
		C8BC68BD1C923FC500594DEB /* Info.plist */ = {isa = PBXFileReference; lastKnownFileType = text.plist.xml; path = Info.plist; sourceTree = "<group>"; };
		C8BC68C21C923FC500594DEB /* Twitter TimelineUITests.xctest */ = {isa = PBXFileReference; explicitFileType = wrapper.cfbundle; includeInIndex = 0; path = "Twitter TimelineUITests.xctest"; sourceTree = BUILT_PRODUCTS_DIR; };
		C8BC68C61C923FC500594DEB /* Twitter_TimelineUITests.swift */ = {isa = PBXFileReference; lastKnownFileType = sourcecode.swift; path = Twitter_TimelineUITests.swift; sourceTree = "<group>"; };
		C8BC68C81C923FC500594DEB /* Info.plist */ = {isa = PBXFileReference; lastKnownFileType = text.plist.xml; path = Info.plist; sourceTree = "<group>"; };
		C8BC68D51C92408100594DEB /* Fabric.framework */ = {isa = PBXFileReference; lastKnownFileType = wrapper.framework; path = Fabric.framework; sourceTree = SOURCE_ROOT; };
		C8BC68D61C92408100594DEB /* TwitterKit.framework */ = {isa = PBXFileReference; lastKnownFileType = wrapper.framework; path = TwitterKit.framework; sourceTree = SOURCE_ROOT; };
		C8BC68D71C92408100594DEB /* TwitterKitResources.bundle */ = {isa = PBXFileReference; lastKnownFileType = "wrapper.plug-in"; name = TwitterKitResources.bundle; path = TwitterKit.framework/Versions/A/Resources/TwitterKitResources.bundle; sourceTree = SOURCE_ROOT; };
		C8BC68D81C92408100594DEB /* TwitterCore.framework */ = {isa = PBXFileReference; lastKnownFileType = wrapper.framework; path = TwitterCore.framework; sourceTree = SOURCE_ROOT; };
/* End PBXFileReference section */

/* Begin PBXFrameworksBuildPhase section */
		C8BC68A01C923FC500594DEB /* Frameworks */ = {
			isa = PBXFrameworksBuildPhase;
			buildActionMask = 2147483647;
			files = (
				C8BC68D91C92408100594DEB /* Fabric.framework in Frameworks */,
				C8BC68DC1C92408100594DEB /* TwitterCore.framework in Frameworks */,
				C8BC68DA1C92408100594DEB /* TwitterKit.framework in Frameworks */,
			);
			runOnlyForDeploymentPostprocessing = 0;
		};
		C8BC68B41C923FC500594DEB /* Frameworks */ = {
			isa = PBXFrameworksBuildPhase;
			buildActionMask = 2147483647;
			files = (
			);
			runOnlyForDeploymentPostprocessing = 0;
		};
		C8BC68BF1C923FC500594DEB /* Frameworks */ = {
			isa = PBXFrameworksBuildPhase;
			buildActionMask = 2147483647;
			files = (
			);
			runOnlyForDeploymentPostprocessing = 0;
		};
/* End PBXFrameworksBuildPhase section */

/* Begin PBXGroup section */
		C8BC689A1C923FC500594DEB = {
			isa = PBXGroup;
			children = (
				C8BC68A51C923FC500594DEB /* Twitter Timeline */,
				C8BC68BA1C923FC500594DEB /* Twitter TimelineTests */,
				C8BC68C51C923FC500594DEB /* Twitter TimelineUITests */,
				C8BC68A41C923FC500594DEB /* Products */,
			);
			sourceTree = "<group>";
		};
		C8BC68A41C923FC500594DEB /* Products */ = {
			isa = PBXGroup;
			children = (
				C8BC68A31C923FC500594DEB /* Twitter Timeline.app */,
				C8BC68B71C923FC500594DEB /* Twitter TimelineTests.xctest */,
				C8BC68C21C923FC500594DEB /* Twitter TimelineUITests.xctest */,
			);
			name = Products;
			sourceTree = "<group>";
		};
		C8BC68A51C923FC500594DEB /* Twitter Timeline */ = {
			isa = PBXGroup;
			children = (
				C8BC68D51C92408100594DEB /* Fabric.framework */,
				C8BC68D61C92408100594DEB /* TwitterKit.framework */,
				C8BC68D71C92408100594DEB /* TwitterKitResources.bundle */,
				C8BC68D81C92408100594DEB /* TwitterCore.framework */,
				C8BC68A61C923FC500594DEB /* AppDelegate.swift */,
				C8BC68A81C923FC500594DEB /* ViewController.swift */,
				C8BC68AA1C923FC500594DEB /* Main.storyboard */,
				C8BC68AD1C923FC500594DEB /* Assets.xcassets */,
				C8BC68AF1C923FC500594DEB /* LaunchScreen.storyboard */,
				C8BC68B21C923FC500594DEB /* Info.plist */,
			);
			path = "Twitter Timeline";
			sourceTree = "<group>";
		};
		C8BC68BA1C923FC500594DEB /* Twitter TimelineTests */ = {
			isa = PBXGroup;
			children = (
				C8BC68BB1C923FC500594DEB /* Twitter_TimelineTests.swift */,
				C8BC68BD1C923FC500594DEB /* Info.plist */,
			);
			path = "Twitter TimelineTests";
			sourceTree = "<group>";
		};
		C8BC68C51C923FC500594DEB /* Twitter TimelineUITests */ = {
			isa = PBXGroup;
			children = (
				C8BC68C61C923FC500594DEB /* Twitter_TimelineUITests.swift */,
				C8BC68C81C923FC500594DEB /* Info.plist */,
			);
			path = "Twitter TimelineUITests";
			sourceTree = "<group>";
		};
/* End PBXGroup section */

/* Begin PBXNativeTarget section */
		C8BC68A21C923FC500594DEB /* Twitter Timeline */ = {
			isa = PBXNativeTarget;
			buildConfigurationList = C8BC68CB1C923FC500594DEB /* Build configuration list for PBXNativeTarget "Twitter Timeline" */;
			buildPhases = (
				C8BC689F1C923FC500594DEB /* Sources */,
				C8BC68A01C923FC500594DEB /* Frameworks */,
				C8BC68A11C923FC500594DEB /* Resources */,
				C8BC68D41C92403C00594DEB /* ShellScript */,
			);
			buildRules = (
			);
			dependencies = (
			);
			name = "Twitter Timeline";
			productName = "Twitter Timeline";
			productReference = C8BC68A31C923FC500594DEB /* Twitter Timeline.app */;
			productType = "com.apple.product-type.application";
		};
		C8BC68B61C923FC500594DEB /* Twitter TimelineTests */ = {
			isa = PBXNativeTarget;
			buildConfigurationList = C8BC68CE1C923FC500594DEB /* Build configuration list for PBXNativeTarget "Twitter TimelineTests" */;
			buildPhases = (
				C8BC68B31C923FC500594DEB /* Sources */,
				C8BC68B41C923FC500594DEB /* Frameworks */,
				C8BC68B51C923FC500594DEB /* Resources */,
			);
			buildRules = (
			);
			dependencies = (
				C8BC68B91C923FC500594DEB /* PBXTargetDependency */,
			);
			name = "Twitter TimelineTests";
			productName = "Twitter TimelineTests";
			productReference = C8BC68B71C923FC500594DEB /* Twitter TimelineTests.xctest */;
			productType = "com.apple.product-type.bundle.unit-test";
		};
		C8BC68C11C923FC500594DEB /* Twitter TimelineUITests */ = {
			isa = PBXNativeTarget;
			buildConfigurationList = C8BC68D11C923FC500594DEB /* Build configuration list for PBXNativeTarget "Twitter TimelineUITests" */;
			buildPhases = (
				C8BC68BE1C923FC500594DEB /* Sources */,
				C8BC68BF1C923FC500594DEB /* Frameworks */,
				C8BC68C01C923FC500594DEB /* Resources */,
			);
			buildRules = (
			);
			dependencies = (
				C8BC68C41C923FC500594DEB /* PBXTargetDependency */,
			);
			name = "Twitter TimelineUITests";
			productName = "Twitter TimelineUITests";
			productReference = C8BC68C21C923FC500594DEB /* Twitter TimelineUITests.xctest */;
			productType = "com.apple.product-type.bundle.ui-testing";
		};
/* End PBXNativeTarget section */

/* Begin PBXProject section */
		C8BC689B1C923FC500594DEB /* Project object */ = {
			isa = PBXProject;
			attributes = {
				LastSwiftUpdateCheck = 0720;
				LastUpgradeCheck = 0720;
				ORGANIZATIONNAME = "Lucas Costa Oliveira";
				TargetAttributes = {
					C8BC68A21C923FC500594DEB = {
						CreatedOnToolsVersion = 7.2.1;
						DevelopmentTeam = A72FQX7Q89;
					};
					C8BC68B61C923FC500594DEB = {
						CreatedOnToolsVersion = 7.2.1;
						DevelopmentTeam = A72FQX7Q89;
						TestTargetID = C8BC68A21C923FC500594DEB;
					};
					C8BC68C11C923FC500594DEB = {
						CreatedOnToolsVersion = 7.2.1;
						DevelopmentTeam = A72FQX7Q89;
						TestTargetID = C8BC68A21C923FC500594DEB;
					};
				};
			};
			buildConfigurationList = C8BC689E1C923FC500594DEB /* Build configuration list for PBXProject "Twitter Timeline" */;
			compatibilityVersion = "Xcode 3.2";
			developmentRegion = English;
			hasScannedForEncodings = 0;
			knownRegions = (
				en,
				Base,
			);
			mainGroup = C8BC689A1C923FC500594DEB;
			productRefGroup = C8BC68A41C923FC500594DEB /* Products */;
			projectDirPath = "";
			projectRoot = "";
			targets = (
				C8BC68A21C923FC500594DEB /* Twitter Timeline */,
				C8BC68B61C923FC500594DEB /* Twitter TimelineTests */,
				C8BC68C11C923FC500594DEB /* Twitter TimelineUITests */,
			);
		};
/* End PBXProject section */

/* Begin PBXResourcesBuildPhase section */
		C8BC68A11C923FC500594DEB /* Resources */ = {
			isa = PBXResourcesBuildPhase;
			buildActionMask = 2147483647;
			files = (
				C8BC68DB1C92408100594DEB /* TwitterKitResources.bundle in Resources */,
				C8BC68B11C923FC500594DEB /* LaunchScreen.storyboard in Resources */,
				C8BC68AE1C923FC500594DEB /* Assets.xcassets in Resources */,
				C8BC68AC1C923FC500594DEB /* Main.storyboard in Resources */,
			);
			runOnlyForDeploymentPostprocessing = 0;
		};
		C8BC68B51C923FC500594DEB /* Resources */ = {
			isa = PBXResourcesBuildPhase;
			buildActionMask = 2147483647;
			files = (
			);
			runOnlyForDeploymentPostprocessing = 0;
		};
		C8BC68C01C923FC500594DEB /* Resources */ = {
			isa = PBXResourcesBuildPhase;
			buildActionMask = 2147483647;
			files = (
			);
			runOnlyForDeploymentPostprocessing = 0;
		};
/* End PBXResourcesBuildPhase section */

/* Begin PBXShellScriptBuildPhase section */
		C8BC68D41C92403C00594DEB /* ShellScript */ = {
			isa = PBXShellScriptBuildPhase;
			buildActionMask = 2147483647;
			files = (
			);
			inputPaths = (
			);
			outputPaths = (
			);
			runOnlyForDeploymentPostprocessing = 0;
			shellPath = /bin/sh;
			shellScript = "./Fabric.framework/run 210cda9c334574c6d51f8289b6ce449cdac4a007 959d9c09419b290d3c5724867e980df75bf8fa85333c9c3cf63d0ebbebf2728f";
		};
/* End PBXShellScriptBuildPhase section */

/* Begin PBXSourcesBuildPhase section */
		C8BC689F1C923FC500594DEB /* Sources */ = {
			isa = PBXSourcesBuildPhase;
			buildActionMask = 2147483647;
			files = (
				C8BC68A91C923FC500594DEB /* ViewController.swift in Sources */,
				C8BC68A71C923FC500594DEB /* AppDelegate.swift in Sources */,
			);
			runOnlyForDeploymentPostprocessing = 0;
		};
		C8BC68B31C923FC500594DEB /* Sources */ = {
			isa = PBXSourcesBuildPhase;
			buildActionMask = 2147483647;
			files = (
				C8BC68BC1C923FC500594DEB /* Twitter_TimelineTests.swift in Sources */,
			);
			runOnlyForDeploymentPostprocessing = 0;
		};
		C8BC68BE1C923FC500594DEB /* Sources */ = {
			isa = PBXSourcesBuildPhase;
			buildActionMask = 2147483647;
			files = (
				C8BC68C71C923FC500594DEB /* Twitter_TimelineUITests.swift in Sources */,
			);
			runOnlyForDeploymentPostprocessing = 0;
		};
/* End PBXSourcesBuildPhase section */

/* Begin PBXTargetDependency section */
		C8BC68B91C923FC500594DEB /* PBXTargetDependency */ = {
			isa = PBXTargetDependency;
			target = C8BC68A21C923FC500594DEB /* Twitter Timeline */;
			targetProxy = C8BC68B81C923FC500594DEB /* PBXContainerItemProxy */;
		};
		C8BC68C41C923FC500594DEB /* PBXTargetDependency */ = {
			isa = PBXTargetDependency;
			target = C8BC68A21C923FC500594DEB /* Twitter Timeline */;
			targetProxy = C8BC68C31C923FC500594DEB /* PBXContainerItemProxy */;
		};
/* End PBXTargetDependency section */

/* Begin PBXVariantGroup section */
		C8BC68AA1C923FC500594DEB /* Main.storyboard */ = {
			isa = PBXVariantGroup;
			children = (
				C8BC68AB1C923FC500594DEB /* Base */,
			);
			name = Main.storyboard;
			sourceTree = "<group>";
		};
		C8BC68AF1C923FC500594DEB /* LaunchScreen.storyboard */ = {
			isa = PBXVariantGroup;
			children = (
				C8BC68B01C923FC500594DEB /* Base */,
			);
			name = LaunchScreen.storyboard;
			sourceTree = "<group>";
		};
/* End PBXVariantGroup section */

/* Begin XCBuildConfiguration section */
		C8BC68C91C923FC500594DEB /* Debug */ = {
			isa = XCBuildConfiguration;
			buildSettings = {
				ALWAYS_SEARCH_USER_PATHS = NO;
				CLANG_CXX_LANGUAGE_STANDARD = "gnu++0x";
				CLANG_CXX_LIBRARY = "libc++";
				CLANG_ENABLE_MODULES = YES;
				CLANG_ENABLE_OBJC_ARC = YES;
				CLANG_WARN_BOOL_CONVERSION = YES;
				CLANG_WARN_CONSTANT_CONVERSION = YES;
				CLANG_WARN_DIRECT_OBJC_ISA_USAGE = YES_ERROR;
				CLANG_WARN_EMPTY_BODY = YES;
				CLANG_WARN_ENUM_CONVERSION = YES;
				CLANG_WARN_INT_CONVERSION = YES;
				CLANG_WARN_OBJC_ROOT_CLASS = YES_ERROR;
				CLANG_WARN_UNREACHABLE_CODE = YES;
				CLANG_WARN__DUPLICATE_METHOD_MATCH = YES;
				"CODE_SIGN_IDENTITY[sdk=iphoneos*]" = "iPhone Developer";
				COPY_PHASE_STRIP = NO;
				DEBUG_INFORMATION_FORMAT = dwarf;
				ENABLE_STRICT_OBJC_MSGSEND = YES;
				ENABLE_TESTABILITY = YES;
				GCC_C_LANGUAGE_STANDARD = gnu99;
				GCC_DYNAMIC_NO_PIC = NO;
				GCC_NO_COMMON_BLOCKS = YES;
				GCC_OPTIMIZATION_LEVEL = 0;
				GCC_PREPROCESSOR_DEFINITIONS = (
					"DEBUG=1",
					"$(inherited)",
				);
				GCC_WARN_64_TO_32_BIT_CONVERSION = YES;
				GCC_WARN_ABOUT_RETURN_TYPE = YES_ERROR;
				GCC_WARN_UNDECLARED_SELECTOR = YES;
				GCC_WARN_UNINITIALIZED_AUTOS = YES_AGGRESSIVE;
				GCC_WARN_UNUSED_FUNCTION = YES;
				GCC_WARN_UNUSED_VARIABLE = YES;
				IPHONEOS_DEPLOYMENT_TARGET = 9.2;
				MTL_ENABLE_DEBUG_INFO = YES;
				ONLY_ACTIVE_ARCH = YES;
				SDKROOT = iphoneos;
				SWIFT_OPTIMIZATION_LEVEL = "-Onone";
				TARGETED_DEVICE_FAMILY = "1,2";
			};
			name = Debug;
		};
		C8BC68CA1C923FC500594DEB /* Release */ = {
			isa = XCBuildConfiguration;
			buildSettings = {
				ALWAYS_SEARCH_USER_PATHS = NO;
				CLANG_CXX_LANGUAGE_STANDARD = "gnu++0x";
				CLANG_CXX_LIBRARY = "libc++";
				CLANG_ENABLE_MODULES = YES;
				CLANG_ENABLE_OBJC_ARC = YES;
				CLANG_WARN_BOOL_CONVERSION = YES;
				CLANG_WARN_CONSTANT_CONVERSION = YES;
				CLANG_WARN_DIRECT_OBJC_ISA_USAGE = YES_ERROR;
				CLANG_WARN_EMPTY_BODY = YES;
				CLANG_WARN_ENUM_CONVERSION = YES;
				CLANG_WARN_INT_CONVERSION = YES;
				CLANG_WARN_OBJC_ROOT_CLASS = YES_ERROR;
				CLANG_WARN_UNREACHABLE_CODE = YES;
				CLANG_WARN__DUPLICATE_METHOD_MATCH = YES;
				"CODE_SIGN_IDENTITY[sdk=iphoneos*]" = "iPhone Developer";
				COPY_PHASE_STRIP = NO;
				DEBUG_INFORMATION_FORMAT = "dwarf-with-dsym";
				ENABLE_NS_ASSERTIONS = NO;
				ENABLE_STRICT_OBJC_MSGSEND = YES;
				GCC_C_LANGUAGE_STANDARD = gnu99;
				GCC_NO_COMMON_BLOCKS = YES;
				GCC_WARN_64_TO_32_BIT_CONVERSION = YES;
				GCC_WARN_ABOUT_RETURN_TYPE = YES_ERROR;
				GCC_WARN_UNDECLARED_SELECTOR = YES;
				GCC_WARN_UNINITIALIZED_AUTOS = YES_AGGRESSIVE;
				GCC_WARN_UNUSED_FUNCTION = YES;
				GCC_WARN_UNUSED_VARIABLE = YES;
				IPHONEOS_DEPLOYMENT_TARGET = 9.2;
				MTL_ENABLE_DEBUG_INFO = NO;
				SDKROOT = iphoneos;
				TARGETED_DEVICE_FAMILY = "1,2";
				VALIDATE_PRODUCT = YES;
			};
			name = Release;
		};
		C8BC68CC1C923FC500594DEB /* Debug */ = {
			isa = XCBuildConfiguration;
			buildSettings = {
				ASSETCATALOG_COMPILER_APPICON_NAME = AppIcon;
				FRAMEWORK_SEARCH_PATHS = (
					"$(inherited)",
					"$(PROJECT_DIR)",
				);
				INFOPLIST_FILE = "Twitter Timeline/Info.plist";
				LD_RUNPATH_SEARCH_PATHS = "$(inherited) @executable_path/Frameworks";
				PRODUCT_BUNDLE_IDENTIFIER = "com.ulcas.Twitter-Timeline";
				PRODUCT_NAME = "$(TARGET_NAME)";
			};
			name = Debug;
		};
		C8BC68CD1C923FC500594DEB /* Release */ = {
			isa = XCBuildConfiguration;
			buildSettings = {
				ASSETCATALOG_COMPILER_APPICON_NAME = AppIcon;
				FRAMEWORK_SEARCH_PATHS = (
					"$(inherited)",
					"$(PROJECT_DIR)",
				);
				INFOPLIST_FILE = "Twitter Timeline/Info.plist";
				LD_RUNPATH_SEARCH_PATHS = "$(inherited) @executable_path/Frameworks";
				PRODUCT_BUNDLE_IDENTIFIER = "com.ulcas.Twitter-Timeline";
				PRODUCT_NAME = "$(TARGET_NAME)";
			};
			name = Release;
		};
		C8BC68CF1C923FC500594DEB /* Debug */ = {
			isa = XCBuildConfiguration;
			buildSettings = {
				BUNDLE_LOADER = "$(TEST_HOST)";
				INFOPLIST_FILE = "Twitter TimelineTests/Info.plist";
				LD_RUNPATH_SEARCH_PATHS = "$(inherited) @executable_path/Frameworks @loader_path/Frameworks";
				PRODUCT_BUNDLE_IDENTIFIER = "com.ulcas.Twitter-TimelineTests";
				PRODUCT_NAME = "$(TARGET_NAME)";
				TEST_HOST = "$(BUILT_PRODUCTS_DIR)/Twitter Timeline.app/Twitter Timeline";
			};
			name = Debug;
		};
		C8BC68D01C923FC500594DEB /* Release */ = {
			isa = XCBuildConfiguration;
			buildSettings = {
				BUNDLE_LOADER = "$(TEST_HOST)";
				INFOPLIST_FILE = "Twitter TimelineTests/Info.plist";
				LD_RUNPATH_SEARCH_PATHS = "$(inherited) @executable_path/Frameworks @loader_path/Frameworks";
				PRODUCT_BUNDLE_IDENTIFIER = "com.ulcas.Twitter-TimelineTests";
				PRODUCT_NAME = "$(TARGET_NAME)";
				TEST_HOST = "$(BUILT_PRODUCTS_DIR)/Twitter Timeline.app/Twitter Timeline";
			};
			name = Release;
		};
		C8BC68D21C923FC500594DEB /* Debug */ = {
			isa = XCBuildConfiguration;
			buildSettings = {
				INFOPLIST_FILE = "Twitter TimelineUITests/Info.plist";
				LD_RUNPATH_SEARCH_PATHS = "$(inherited) @executable_path/Frameworks @loader_path/Frameworks";
				PRODUCT_BUNDLE_IDENTIFIER = "com.ulcas.Twitter-TimelineUITests";
				PRODUCT_NAME = "$(TARGET_NAME)";
				TEST_TARGET_NAME = "Twitter Timeline";
				USES_XCTRUNNER = YES;
			};
			name = Debug;
		};
		C8BC68D31C923FC500594DEB /* Release */ = {
			isa = XCBuildConfiguration;
			buildSettings = {
				INFOPLIST_FILE = "Twitter TimelineUITests/Info.plist";
				LD_RUNPATH_SEARCH_PATHS = "$(inherited) @executable_path/Frameworks @loader_path/Frameworks";
				PRODUCT_BUNDLE_IDENTIFIER = "com.ulcas.Twitter-TimelineUITests";
				PRODUCT_NAME = "$(TARGET_NAME)";
				TEST_TARGET_NAME = "Twitter Timeline";
				USES_XCTRUNNER = YES;
			};
			name = Release;
		};
/* End XCBuildConfiguration section */

/* Begin XCConfigurationList section */
		C8BC689E1C923FC500594DEB /* Build configuration list for PBXProject "Twitter Timeline" */ = {
			isa = XCConfigurationList;
			buildConfigurations = (
				C8BC68C91C923FC500594DEB /* Debug */,
				C8BC68CA1C923FC500594DEB /* Release */,
			);
			defaultConfigurationIsVisible = 0;
			defaultConfigurationName = Release;
		};
		C8BC68CB1C923FC500594DEB /* Build configuration list for PBXNativeTarget "Twitter Timeline" */ = {
			isa = XCConfigurationList;
			buildConfigurations = (
				C8BC68CC1C923FC500594DEB /* Debug */,
				C8BC68CD1C923FC500594DEB /* Release */,
			);
			defaultConfigurationIsVisible = 0;
		};
		C8BC68CE1C923FC500594DEB /* Build configuration list for PBXNativeTarget "Twitter TimelineTests" */ = {
			isa = XCConfigurationList;
			buildConfigurations = (
				C8BC68CF1C923FC500594DEB /* Debug */,
				C8BC68D01C923FC500594DEB /* Release */,
			);
			defaultConfigurationIsVisible = 0;
		};
		C8BC68D11C923FC500594DEB /* Build configuration list for PBXNativeTarget "Twitter TimelineUITests" */ = {
			isa = XCConfigurationList;
			buildConfigurations = (
				C8BC68D21C923FC500594DEB /* Debug */,
				C8BC68D31C923FC500594DEB /* Release */,
			);
			defaultConfigurationIsVisible = 0;
		};
/* End XCConfigurationList section */
	};
	rootObject = C8BC689B1C923FC500594DEB /* Project object */;
}
